<?xml version="1.0" encoding="utf-8"?>
<Project ToolsVersion="4.0" xmlns="http://schemas.microsoft.com/developer/msbuild/2003">
  <ItemGroup>
    <Filter Include="WinMain">
      <UniqueIdentifier>{878ed0a6-c426-4e66-9dee-f33c64117c53}</UniqueIdentifier>
    </Filter>
    <Filter Include="LogMessage">
      <UniqueIdentifier>{eeb72d28-8a29-4b10-82fe-464fb95a55ee}</UniqueIdentifier>
    </Filter>
    <Filter Include="GameSettings">
      <UniqueIdentifier>{72ca729d-3436-4fc1-b0fd-f0ca738cb9d4}</UniqueIdentifier>
    </Filter>
    <Filter Include="Gameboy">
      <UniqueIdentifier>{48eaf87e-1b06-4198-b451-00c32415fe3e}</UniqueIdentifier>
    </Filter>
    <Filter Include="Emulator">
      <UniqueIdentifier>{233a1cc7-cb8c-4bd2-a6a3-4c1e49366bfd}</UniqueIdentifier>
    </Filter>
  </ItemGroup>
  <ItemGroup>
    <ClCompile Include="WinMain.cpp">
      <Filter>WinMain</Filter>
    </ClCompile>
    <ClCompile Include="LogMessages.cpp">
      <Filter>LogMessage</Filter>
    </ClCompile>
    <ClCompile Include="GameSettings.cpp">
      <Filter>GameSettings</Filter>
    </ClCompile>
    <ClCompile Include="GameBoy.cpp">
      <Filter>Gameboy</Filter>
    </ClCompile>
    <ClCompile Include="Emulator.cpp">
      <Filter>Emulator</Filter>
    </ClCompile>
    <ClCompile Include="Emulator.i8080Cpu.cpp">
      <Filter>Emulator</Filter>
    </ClCompile>
    <ClCompile Include="Emulator.JumpTable.cpp">
      <Filter>Emulator</Filter>
    </ClCompile>
  </ItemGroup>
  <ItemGroup>
    <ClInclude Include="LogMessages.h">
      <Filter>LogMessage</Filter>
    </ClInclude>
    <ClInclude Include="GameSettings.h">
      <Filter>GameSettings</Filter>
    </ClInclude>
    <ClInclude Include="GameBoy.h">
      <Filter>Gameboy</Filter>
    </ClInclude>
    <ClInclude Include="Emulator.h">
      <Filter>Emulator</Filter>
    </ClInclude>
  </ItemGroup>
</Project>